
Microsoft Visual Studio Solution File, Format Version 12.00
# Visual Studio Version 17
VisualStudioVersion = 17.6.33815.320
MinimumVisualStudioVersion = 10.0.40219.1
Project("{FAE04EC0-301F-11D3-BF4B-00C04F79EFBC}") = "WebAPI", "WebAPI\WebAPI.csproj", "{DA704E60-7918-4E56-A1F8-D796E5E28902}"
EndProject
Global
	GlobalSection(SolutionConfigurationPlatforms) = preSolution
		Debug|Any CPU = Debug|Any CPU
		Release|Any CPU = Release|Any CPU
	EndGlobalSection
	GlobalSection(ProjectConfigurationPlatforms) = postSolution
		{DA704E60-7918-4E56-A1F8-D796E5E28902}.Debug|Any CPU.ActiveCfg = Debug|Any CPU
		{DA704E60-7918-4E56-A1F8-D796E5E28902}.Debug|Any CPU.Build.0 = Debug|Any CPU
		{DA704E60-7918-4E56-A1F8-D796E5E28902}.Release|Any CPU.ActiveCfg = Release|Any CPU
		{DA704E60-7918-4E56-A1F8-D796E5E28902}.Release|Any CPU.Build.0 = Release|Any CPU
	EndGlobalSection
	GlobalSection(SolutionProperties) = preSolution
		HideSolutionNode = FALSE
	EndGlobalSection
	GlobalSection(ExtensibilityGlobals) = postSolution
		SolutionGuid = {2B513E85-8365-4A64-A6E4-77B100118AE0}
	EndGlobalSection
EndGlobal
